Microsoft Visual Studio Solution File, Format Version 12.00
# Visual Studio Version 17
VisualStudioVersion = 17.5.2.0
MinimumVisualStudioVersion = 10.0.40219.1
Project("{FAE04EC0-301F-11D3-BF4B-00C04F79EFBC}") = "cloudfare-rate-limiting", "cloudfare-rate-limiting.csproj", "{D4802A39-E702-1425-3E6B-7A8F368E970B}"
EndProject
Global
	GlobalSection(SolutionConfigurationPlatforms) = preSolution
		Debug|Any CPU = Debug|Any CPU
		Release|Any CPU = Release|Any CPU
	EndGlobalSection
	GlobalSection(ProjectConfigurationPlatforms) = postSolution
		{D4802A39-E702-1425-3E6B-7A8F368E970B}.Debug|Any CPU.ActiveCfg = Debug|Any CPU
		{D4802A39-E702-1425-3E6B-7A8F368E970B}.Debug|Any CPU.Build.0 = Debug|Any CPU
		{D4802A39-E702-1425-3E6B-7A8F368E970B}.Release|Any CPU.ActiveCfg = Release|Any CPU
		{D4802A39-E702-1425-3E6B-7A8F368E970B}.Release|Any CPU.Build.0 = Release|Any CPU
	EndGlobalSection
	GlobalSection(SolutionProperties) = preSolution
		HideSolutionNode = FALSE
	EndGlobalSection
	GlobalSection(ExtensibilityGlobals) = postSolution
		SolutionGuid = {913AAFFD-035A-4619-B195-9C2D12A9BFF6}
	EndGlobalSection
EndGlobal
